
Microsoft Visual Studio Solution File, Format Version 12.00
# Visual Studio Version 16
VisualStudioVersion = 16.0.29806.167
MinimumVisualStudioVersion = 10.0.40219.1
Project("{FAE04EC0-301F-11D3-BF4B-00C04F79EFBC}") = "Lab_2", "Lab_2\Lab_2.csproj", "{76A1BC78-43C5-4E80-8A87-224F0A022313}"
EndProject
Global
	GlobalSection(SolutionConfigurationPlatforms) = preSolution
		Debug|Any CPU = Debug|Any CPU
		Release|Any CPU = Release|Any CPU
	EndGlobalSection
	GlobalSection(ProjectConfigurationPlatforms) = postSolution
		{76A1BC78-43C5-4E80-8A87-224F0A022313}.Debug|Any CPU.ActiveCfg = Debug|Any CPU
		{76A1BC78-43C5-4E80-8A87-224F0A022313}.Debug|Any CPU.Build.0 = Debug|Any CPU
		{76A1BC78-43C5-4E80-8A87-224F0A022313}.Release|Any CPU.ActiveCfg = Release|Any CPU
		{76A1BC78-43C5-4E80-8A87-224F0A022313}.Release|Any CPU.Build.0 = Release|Any CPU
	EndGlobalSection
	GlobalSection(SolutionProperties) = preSolution
		HideSolutionNode = FALSE
	EndGlobalSection
	GlobalSection(ExtensibilityGlobals) = postSolution
		SolutionGuid = {CBC2CE69-3F21-4547-814B-6BFF4F01063D}
	EndGlobalSection
EndGlobal
